
Microsoft Visual Studio Solution File, Format Version 12.00
# Visual Studio 15
VisualStudioVersion = 15.0.27428.2015
MinimumVisualStudioVersion = 10.0.40219.1
Project("{FAE04EC0-301F-11D3-BF4B-00C04F79EFBC}") = "Todo.Data", "Todo.Data\Todo.Data.csproj", "{29ADCCEC-B08D-417B-B67C-37BD6BD79550}"
EndProject
Project("{FAE04EC0-301F-11D3-BF4B-00C04F79EFBC}") = "Todo.Core", "Todo.Core\Todo.Core.csproj", "{F923FA99-9C60-400E-91D0-54C4B23084C7}"
EndProject
Project("{FAE04EC0-301F-11D3-BF4B-00C04F79EFBC}") = "Todo.Contracts", "Todo.Contracts\Todo.Contracts.csproj", "{64513434-C11C-4054-9967-11F8F5AC2F01}"
EndProject
Project("{FAE04EC0-301F-11D3-BF4B-00C04F79EFBC}") = "Todo.Services", "Todo.Services\Todo.Services.csproj", "{61732990-16EB-4BA6-9003-F05EEA4128D8}"
EndProject
Project("{FAE04EC0-301F-11D3-BF4B-00C04F79EFBC}") = "Todo.Proxies", "Todo.Proxies\Todo.Proxies.csproj", "{E333646E-AF77-4A89-B769-2261F59E5D4B}"
EndProject
Project("{FAE04EC0-301F-11D3-BF4B-00C04F79EFBC}") = "Todo.Client", "Todo.Client\Todo.Client.csproj", "{96C3F664-1913-48AD-9ED3-E425057B5067}"
EndProject
Project("{FAE04EC0-301F-11D3-BF4B-00C04F79EFBC}") = "Todo.ConsoleHost", "Todo.ConsoleHost\Todo.ConsoleHost.csproj", "{6DF64B2A-7AB8-45EF-8E18-27BA516EEE01}"
EndProject
Project("{FAE04EC0-301F-11D3-BF4B-00C04F79EFBC}") = "Todo.Tests", "Todo.Tests\Todo.Tests.csproj", "{C4CE244E-BA77-4DD7-99DE-29D1949D41A5}"
EndProject
Global
	GlobalSection(SolutionConfigurationPlatforms) = preSolution
		Debug|Any CPU = Debug|Any CPU
		Release|Any CPU = Release|Any CPU
	EndGlobalSection
	GlobalSection(ProjectConfigurationPlatforms) = postSolution
		{29ADCCEC-B08D-417B-B67C-37BD6BD79550}.Debug|Any CPU.ActiveCfg = Debug|Any CPU
		{29ADCCEC-B08D-417B-B67C-37BD6BD79550}.Debug|Any CPU.Build.0 = Debug|Any CPU
		{29ADCCEC-B08D-417B-B67C-37BD6BD79550}.Release|Any CPU.ActiveCfg = Release|Any CPU
		{29ADCCEC-B08D-417B-B67C-37BD6BD79550}.Release|Any CPU.Build.0 = Release|Any CPU
		{F923FA99-9C60-400E-91D0-54C4B23084C7}.Debug|Any CPU.ActiveCfg = Debug|Any CPU
		{F923FA99-9C60-400E-91D0-54C4B23084C7}.Debug|Any CPU.Build.0 = Debug|Any CPU
		{F923FA99-9C60-400E-91D0-54C4B23084C7}.Release|Any CPU.ActiveCfg = Release|Any CPU
		{F923FA99-9C60-400E-91D0-54C4B23084C7}.Release|Any CPU.Build.0 = Release|Any CPU
		{64513434-C11C-4054-9967-11F8F5AC2F01}.Debug|Any CPU.ActiveCfg = Debug|Any CPU
		{64513434-C11C-4054-9967-11F8F5AC2F01}.Debug|Any CPU.Build.0 = Debug|Any CPU
		{64513434-C11C-4054-9967-11F8F5AC2F01}.Release|Any CPU.ActiveCfg = Release|Any CPU
		{64513434-C11C-4054-9967-11F8F5AC2F01}.Release|Any CPU.Build.0 = Release|Any CPU
		{61732990-16EB-4BA6-9003-F05EEA4128D8}.Debug|Any CPU.ActiveCfg = Debug|Any CPU
		{61732990-16EB-4BA6-9003-F05EEA4128D8}.Debug|Any CPU.Build.0 = Debug|Any CPU
		{61732990-16EB-4BA6-9003-F05EEA4128D8}.Release|Any CPU.ActiveCfg = Release|Any CPU
		{61732990-16EB-4BA6-9003-F05EEA4128D8}.Release|Any CPU.Build.0 = Release|Any CPU
		{E333646E-AF77-4A89-B769-2261F59E5D4B}.Debug|Any CPU.ActiveCfg = Debug|Any CPU
		{E333646E-AF77-4A89-B769-2261F59E5D4B}.Debug|Any CPU.Build.0 = Debug|Any CPU
		{E333646E-AF77-4A89-B769-2261F59E5D4B}.Release|Any CPU.ActiveCfg = Release|Any CPU
		{E333646E-AF77-4A89-B769-2261F59E5D4B}.Release|Any CPU.Build.0 = Release|Any CPU
		{96C3F664-1913-48AD-9ED3-E425057B5067}.Debug|Any CPU.ActiveCfg = Debug|Any CPU
		{96C3F664-1913-48AD-9ED3-E425057B5067}.Debug|Any CPU.Build.0 = Debug|Any CPU
		{96C3F664-1913-48AD-9ED3-E425057B5067}.Release|Any CPU.ActiveCfg = Release|Any CPU
		{96C3F664-1913-48AD-9ED3-E425057B5067}.Release|Any CPU.Build.0 = Release|Any CPU
		{6DF64B2A-7AB8-45EF-8E18-27BA516EEE01}.Debug|Any CPU.ActiveCfg = Debug|Any CPU
		{6DF64B2A-7AB8-45EF-8E18-27BA516EEE01}.Debug|Any CPU.Build.0 = Debug|Any CPU
		{6DF64B2A-7AB8-45EF-8E18-27BA516EEE01}.Release|Any CPU.ActiveCfg = Release|Any CPU
		{6DF64B2A-7AB8-45EF-8E18-27BA516EEE01}.Release|Any CPU.Build.0 = Release|Any CPU
		{C4CE244E-BA77-4DD7-99DE-29D1949D41A5}.Debug|Any CPU.ActiveCfg = Debug|Any CPU
		{C4CE244E-BA77-4DD7-99DE-29D1949D41A5}.Debug|Any CPU.Build.0 = Debug|Any CPU
		{C4CE244E-BA77-4DD7-99DE-29D1949D41A5}.Release|Any CPU.ActiveCfg = Release|Any CPU
		{C4CE244E-BA77-4DD7-99DE-29D1949D41A5}.Release|Any CPU.Build.0 = Release|Any CPU
	EndGlobalSection
	GlobalSection(SolutionProperties) = preSolution
		HideSolutionNode = FALSE
	EndGlobalSection
	GlobalSection(ExtensibilityGlobals) = postSolution
		SolutionGuid = {C3BFDC2D-82F1-4BE9-A920-F1AEE1AC14FE}
	EndGlobalSection
EndGlobal
